
Microsoft Visual Studio Solution File, Format Version 12.00
# Visual Studio Version 17
VisualStudioVersion = 17.9.34310.174
MinimumVisualStudioVersion = 10.0.40219.1
Project("{9A19103F-16F7-4668-BE54-9A1E7A4F7556}") = "Core.Application", "Core.Application\Core.Application.csproj", "{7ECF48C0-F1F3-4247-85F6-E3E3106A7085}"
EndProject
Project("{9A19103F-16F7-4668-BE54-9A1E7A4F7556}") = "Core.Persistence", "Core.Persistence\Core.Persistence.csproj", "{44BF0F74-C664-42A9-A43A-7E697A70EC5B}"
EndProject
Project("{9A19103F-16F7-4668-BE54-9A1E7A4F7556}") = "Core.CrossCuttingConcerns", "Core.CrossCuttingConcerns\Core.CrossCuttingConcerns.csproj", "{BBDC0B12-738A-4D56-9AAA-EFFEDD539B50}"
EndProject
Project("{9A19103F-16F7-4668-BE54-9A1E7A4F7556}") = "Core.Utilities", "Core.Utilities\Core.Utilities.csproj", "{6ED92451-A192-4474-BAD7-3C33E5BC021E}"
EndProject
Project("{FAE04EC0-301F-11D3-BF4B-00C04F79EFBC}") = "Core.Security", "Core.Security\Core.Security.csproj", "{1E6542B1-BF42-458A-A255-08DEE4B25E16}"
EndProject
Global
	GlobalSection(SolutionConfigurationPlatforms) = preSolution
		Debug|Any CPU = Debug|Any CPU
		Release|Any CPU = Release|Any CPU
	EndGlobalSection
	GlobalSection(ProjectConfigurationPlatforms) = postSolution
		{7ECF48C0-F1F3-4247-85F6-E3E3106A7085}.Debug|Any CPU.ActiveCfg = Debug|Any CPU
		{7ECF48C0-F1F3-4247-85F6-E3E3106A7085}.Debug|Any CPU.Build.0 = Debug|Any CPU
		{7ECF48C0-F1F3-4247-85F6-E3E3106A7085}.Release|Any CPU.ActiveCfg = Release|Any CPU
		{7ECF48C0-F1F3-4247-85F6-E3E3106A7085}.Release|Any CPU.Build.0 = Release|Any CPU
		{44BF0F74-C664-42A9-A43A-7E697A70EC5B}.Debug|Any CPU.ActiveCfg = Debug|Any CPU
		{44BF0F74-C664-42A9-A43A-7E697A70EC5B}.Debug|Any CPU.Build.0 = Debug|Any CPU
		{44BF0F74-C664-42A9-A43A-7E697A70EC5B}.Release|Any CPU.ActiveCfg = Release|Any CPU
		{44BF0F74-C664-42A9-A43A-7E697A70EC5B}.Release|Any CPU.Build.0 = Release|Any CPU
		{BBDC0B12-738A-4D56-9AAA-EFFEDD539B50}.Debug|Any CPU.ActiveCfg = Debug|Any CPU
		{BBDC0B12-738A-4D56-9AAA-EFFEDD539B50}.Debug|Any CPU.Build.0 = Debug|Any CPU
		{BBDC0B12-738A-4D56-9AAA-EFFEDD539B50}.Release|Any CPU.ActiveCfg = Release|Any CPU
		{BBDC0B12-738A-4D56-9AAA-EFFEDD539B50}.Release|Any CPU.Build.0 = Release|Any CPU
		{6ED92451-A192-4474-BAD7-3C33E5BC021E}.Debug|Any CPU.ActiveCfg = Debug|Any CPU
		{6ED92451-A192-4474-BAD7-3C33E5BC021E}.Debug|Any CPU.Build.0 = Debug|Any CPU
		{6ED92451-A192-4474-BAD7-3C33E5BC021E}.Release|Any CPU.ActiveCfg = Release|Any CPU
		{6ED92451-A192-4474-BAD7-3C33E5BC021E}.Release|Any CPU.Build.0 = Release|Any CPU
		{1E6542B1-BF42-458A-A255-08DEE4B25E16}.Debug|Any CPU.ActiveCfg = Debug|Any CPU
		{1E6542B1-BF42-458A-A255-08DEE4B25E16}.Debug|Any CPU.Build.0 = Debug|Any CPU
		{1E6542B1-BF42-458A-A255-08DEE4B25E16}.Release|Any CPU.ActiveCfg = Release|Any CPU
		{1E6542B1-BF42-458A-A255-08DEE4B25E16}.Release|Any CPU.Build.0 = Release|Any CPU
	EndGlobalSection
	GlobalSection(SolutionProperties) = preSolution
		HideSolutionNode = FALSE
	EndGlobalSection
	GlobalSection(ExtensibilityGlobals) = postSolution
		SolutionGuid = {1F87955F-FE81-4574-8082-7DC8653E61DD}
	EndGlobalSection
EndGlobal
